// !$*UTF8*$!
{
	archiveVersion = 1;
	classes = {
	};
	objectVersion = 46;
	objects = {

/* Begin PBXAggregateTarget section */
		2405EA6028FE458F894EB3C8 /* ZERO_CHECK */ = {
			isa = PBXAggregateTarget;
			buildConfigurationList = A1B56EBD9D424605A4CD9A98 /* Build configuration list for PBXAggregateTarget "ZERO_CHECK" */;
			buildPhases = (
				B52E44CC1B39C121401CBD06 /* Generate CMakeFiles/ZERO_CHECK */,
			);
			dependencies = (
			);
			name = ZERO_CHECK;
			productName = ZERO_CHECK;
		};
		862DA450082B49D7AF0AB67C /* ALL_BUILD */ = {
			isa = PBXAggregateTarget;
			buildConfigurationList = ABB956330F4E469DA1704878 /* Build configuration list for PBXAggregateTarget "ALL_BUILD" */;
			buildPhases = (
				5EFD5896BFF1CA00C9D25B92 /* Generate CMakeFiles/ALL_BUILD */,
			);
			dependencies = (
				39B9CA09D5A34955A67F9177 /* PBXTargetDependency */,
				CE8ABC657A6E4A1D803FC568 /* PBXTargetDependency */,
			);
			name = ALL_BUILD;
			productName = ALL_BUILD;
		};
/* End PBXAggregateTarget section */

/* Begin PBXBuildFile section */
		28A52A0B61E148EE98C43680 /* /Users/mzavelskiy/webserv/boost_sample/unix_sv.cpp */ = {isa = PBXBuildFile; fileRef = A0572C493E374028ADB3558A /* /Users/mzavelskiy/webserv/boost_sample/unix_sv.cpp */; };
		42AE4F61861843D0AC0DC972 /* /Users/mzavelskiy/webserv/boost_sample/unix_sv.hpp */ = {isa = PBXBuildFile; fileRef = 1DCA8FFAB45244B7ABECD756 /* /Users/mzavelskiy/webserv/boost_sample/unix_sv.hpp */; };
		F9E5AE7BECC7404AA58706F5 /* /Users/mzavelskiy/webserv/boost_sample/CMakeLists.txt */ = {isa = PBXBuildFile; fileRef = 0B37991D6A4B42C48B1965D0 /* /Users/mzavelskiy/webserv/boost_sample/CMakeLists.txt */; };
/* End PBXBuildFile section */

/* Begin PBXBuildStyle section */
		162205DE403D48058CEA635E /* Release */ = {
			isa = PBXBuildStyle;
			buildSettings = {
				COPY_PHASE_STRIP = NO;
			};
			name = Release;
		};
		29C76AFE7B9449B58F69C23D /* Debug */ = {
			isa = PBXBuildStyle;
			buildSettings = {
				COPY_PHASE_STRIP = NO;
			};
			name = Debug;
		};
		6E6BCC3745AB43D7AF46F022 /* RelWithDebInfo */ = {
			isa = PBXBuildStyle;
			buildSettings = {
				COPY_PHASE_STRIP = NO;
			};
			name = RelWithDebInfo;
		};
		E25EF7C86C4E4865807E4867 /* MinSizeRel */ = {
			isa = PBXBuildStyle;
			buildSettings = {
				COPY_PHASE_STRIP = NO;
			};
			name = MinSizeRel;
		};
/* End PBXBuildStyle section */

/* Begin PBXContainerItemProxy section */
		37D389AFC1794485A1D476D3 /* PBXContainerItemProxy */ = {
			isa = PBXContainerItemProxy;
			containerPortal = 2EF680C32F1C4062801C9DD4 /* Project object */;
			proxyType = 1;
			remoteGlobalIDString = 72EA646AEFD74B768204639A;
			remoteInfo = unix_sv;
		};
		827910EB277844DB8F881167 /* PBXContainerItemProxy */ = {
			isa = PBXContainerItemProxy;
			containerPortal = 2EF680C32F1C4062801C9DD4 /* Project object */;
			proxyType = 1;
			remoteGlobalIDString = 2405EA6028FE458F894EB3C8;
			remoteInfo = ZERO_CHECK;
		};
		DB2018F6A34741CAB09E5259 /* PBXContainerItemProxy */ = {
			isa = PBXContainerItemProxy;
			containerPortal = 2EF680C32F1C4062801C9DD4 /* Project object */;
			proxyType = 1;
			remoteGlobalIDString = 2405EA6028FE458F894EB3C8;
			remoteInfo = ZERO_CHECK;
		};
/* End PBXContainerItemProxy section */

/* Begin PBXFileReference section */
		0B37991D6A4B42C48B1965D0 /* /Users/mzavelskiy/webserv/boost_sample/CMakeLists.txt */ = {isa = PBXFileReference; explicitFileType = sourcecode.text; fileEncoding = 4; name = CMakeLists.txt; path = CMakeLists.txt; sourceTree = SOURCE_ROOT; };
		1DCA8FFAB45244B7ABECD756 /* /Users/mzavelskiy/webserv/boost_sample/unix_sv.hpp */ = {isa = PBXFileReference; explicitFileType = sourcecode.cpp.h; fileEncoding = 4; name = unix_sv.hpp; path = unix_sv.hpp; sourceTree = SOURCE_ROOT; };
		A0572C493E374028ADB3558A /* /Users/mzavelskiy/webserv/boost_sample/unix_sv.cpp */ = {isa = PBXFileReference; explicitFileType = sourcecode.cpp.cpp; fileEncoding = 4; name = unix_sv.cpp; path = unix_sv.cpp; sourceTree = SOURCE_ROOT; };
		A619C72E5B0B4350BCB48391 /* /Users/mzavelskiy/webserv/boost_sample/CMakeLists.txt */ = {isa = PBXFileReference; explicitFileType = sourcecode.text; fileEncoding = 4; name = CMakeLists.txt; path = CMakeLists.txt; sourceTree = SOURCE_ROOT; };
		A9879F6B00474463A031172C /* unix_sv */ = {isa = PBXFileReference; explicitFileType = "compiled.mach-o.executable"; path = unix_sv; sourceTree = BUILT_PRODUCTS_DIR; };
/* End PBXFileReference section */

/* Begin PBXFrameworksBuildPhase section */
		4CFE23C71C5D42BF8D555F80 /* Frameworks */ = {
			isa = PBXFrameworksBuildPhase;
			buildActionMask = 2147483647;
			files = (
			);
			runOnlyForDeploymentPostprocessing = 0;
		};
/* End PBXFrameworksBuildPhase section */

/* Begin PBXGroup section */
		16C40A0AC9474B5D8E1B8CB8 /* CMake Rules */ = {
			isa = PBXGroup;
			children = (
			);
			name = "CMake Rules";
			sourceTree = "<group>";
		};
		3D8E16533AB5468A8B1052AB /* ALL_BUILD */ = {
			isa = PBXGroup;
			children = (
				16C40A0AC9474B5D8E1B8CB8 /* CMake Rules */,
				A619C72E5B0B4350BCB48391 /* /Users/mzavelskiy/webserv/boost_sample/CMakeLists.txt */,
			);
			name = ALL_BUILD;
			sourceTree = "<group>";
		};
		3F0ADC362C904F95ADC1D635 /* unix_sv */ = {
			isa = PBXGroup;
			children = (
				8E46B9DA207B4A1487BC8E64 /* Source Files */,
				93DCBB7B7DBC41AA8C867348 /* Header Files */,
				0B37991D6A4B42C48B1965D0 /* /Users/mzavelskiy/webserv/boost_sample/CMakeLists.txt */,
			);
			name = unix_sv;
			sourceTree = "<group>";
		};
		7FADF25BC1994F309B0B17FD /* Products */ = {
			isa = PBXGroup;
			children = (
				A9879F6B00474463A031172C /* unix_sv */,
			);
			name = Products;
			sourceTree = "<group>";
		};
		8E46B9DA207B4A1487BC8E64 /* Source Files */ = {
			isa = PBXGroup;
			children = (
				A0572C493E374028ADB3558A /* /Users/mzavelskiy/webserv/boost_sample/unix_sv.cpp */,
			);
			name = "Source Files";
			sourceTree = "<group>";
		};
		93DCBB7B7DBC41AA8C867348 /* Header Files */ = {
			isa = PBXGroup;
			children = (
				1DCA8FFAB45244B7ABECD756 /* /Users/mzavelskiy/webserv/boost_sample/unix_sv.hpp */,
			);
			name = "Header Files";
			sourceTree = "<group>";
		};
		D3903253223A4479AFAF2F36 = {
			isa = PBXGroup;
			children = (
				3F0ADC362C904F95ADC1D635 /* unix_sv */,
				3D8E16533AB5468A8B1052AB /* ALL_BUILD */,
				7FADF25BC1994F309B0B17FD /* Products */,
				D726848655474EF8AFBABCAD /* Frameworks */,
			);
			sourceTree = "<group>";
		};
		D726848655474EF8AFBABCAD /* Frameworks */ = {
			isa = PBXGroup;
			children = (
			);
			name = Frameworks;
			sourceTree = "<group>";
		};
/* End PBXGroup section */

/* Begin PBXNativeTarget section */
		72EA646AEFD74B768204639A /* unix_sv */ = {
			isa = PBXNativeTarget;
			buildConfigurationList = FD0AD5C966F84A22BE658A12 /* Build configuration list for PBXNativeTarget "unix_sv" */;
			buildPhases = (
				E804DDC535754178935A45F7 /* Sources */,
				4CFE23C71C5D42BF8D555F80 /* Frameworks */,
			);
			buildRules = (
			);
			dependencies = (
				C7DABBBA9C714984955C1B4A /* PBXTargetDependency */,
			);
			name = unix_sv;
			productName = unix_sv;
			productReference = A9879F6B00474463A031172C /* unix_sv */;
			productType = "com.apple.product-type.tool";
		};
/* End PBXNativeTarget section */

/* Begin PBXProject section */
		2EF680C32F1C4062801C9DD4 /* Project object */ = {
			isa = PBXProject;
			attributes = {
				BuildIndependentTargetsInParallel = YES;
				LastUpgradeCheck = 1430;
			};
			buildConfigurationList = F081FBD2D2754638B11BD4E3 /* Build configuration list for PBXProject "unix_sv" */;
			buildSettings = {
			};
			buildStyles = (
				29C76AFE7B9449B58F69C23D /* Debug */,
				162205DE403D48058CEA635E /* Release */,
				E25EF7C86C4E4865807E4867 /* MinSizeRel */,
				6E6BCC3745AB43D7AF46F022 /* RelWithDebInfo */,
			);
			compatibilityVersion = "Xcode 3.2";
			hasScannedForEncodings = 0;
			mainGroup = D3903253223A4479AFAF2F36;
			projectDirPath = /Users/mzavelskiy/webserv/boost_sample;
			projectRoot = "";
			targets = (
				862DA450082B49D7AF0AB67C /* ALL_BUILD */,
				2405EA6028FE458F894EB3C8 /* ZERO_CHECK */,
				72EA646AEFD74B768204639A /* unix_sv */,
			);
		};
/* End PBXProject section */

/* Begin PBXShellScriptBuildPhase section */
		3C0110FC8322DE7E50886E21 = {
			isa = PBXShellScriptBuildPhase;
			buildActionMask = 2147483647;
			files = (
			);
			inputPaths = (
			);
			outputPaths = (
			);
			runOnlyForDeploymentPostprocessing = 0;
			shellPath = /bin/sh;
			shellScript = "# shell script goes here
exit 0";
			showEnvVarsInLog = 0;
		};
		5EFD5896BFF1CA00C9D25B92 /* Generate CMakeFiles/ALL_BUILD */ = {
			isa = PBXShellScriptBuildPhase;
			alwaysOutOfDate = 1;
			buildActionMask = 2147483647;
			files = (
			);
			inputPaths = (
			);
			name = "Generate CMakeFiles/ALL_BUILD";
			outputPaths = (
/Users/mzavelskiy/webserv/boost_sample/xcode/CMakeFiles/ALL_BUILD			);
			runOnlyForDeploymentPostprocessing = 0;
			shellPath = /bin/sh;
			shellScript = "set -e
if test \"$CONFIGURATION\" = \"Debug\"; then :
  cd /Users/mzavelskiy/webserv/boost_sample/xcode
  echo Build\\ all\\ projects
fi
if test \"$CONFIGURATION\" = \"Release\"; then :
  cd /Users/mzavelskiy/webserv/boost_sample/xcode
  echo Build\\ all\\ projects
fi
if test \"$CONFIGURATION\" = \"MinSizeRel\"; then :
  cd /Users/mzavelskiy/webserv/boost_sample/xcode
  echo Build\\ all\\ projects
fi
if test \"$CONFIGURATION\" = \"RelWithDebInfo\"; then :
  cd /Users/mzavelskiy/webserv/boost_sample/xcode
  echo Build\\ all\\ projects
fi
";
			showEnvVarsInLog = 0;
		};
		9B50530E35CC49C82C2FACCF = {
			isa = PBXShellScriptBuildPhase;
			buildActionMask = 2147483647;
			files = (
			);
			inputPaths = (
			);
			outputPaths = (
			);
			runOnlyForDeploymentPostprocessing = 0;
			shellPath = /bin/sh;
			shellScript = "# shell script goes here
exit 0";
			showEnvVarsInLog = 0;
		};
		B52E44CC1B39C121401CBD06 /* Generate CMakeFiles/ZERO_CHECK */ = {
			isa = PBXShellScriptBuildPhase;
			alwaysOutOfDate = 1;
			buildActionMask = 2147483647;
			files = (
			);
			inputPaths = (
			);
			name = "Generate CMakeFiles/ZERO_CHECK";
			outputPaths = (
/Users/mzavelskiy/webserv/boost_sample/xcode/CMakeFiles/ZERO_CHECK			);
			runOnlyForDeploymentPostprocessing = 0;
			shellPath = /bin/sh;
			shellScript = "set -e
if test \"$CONFIGURATION\" = \"Debug\"; then :
  cd /Users/mzavelskiy/webserv/boost_sample/xcode
  make -f /Users/mzavelskiy/webserv/boost_sample/xcode/CMakeScripts/ReRunCMake.make
fi
if test \"$CONFIGURATION\" = \"Release\"; then :
  cd /Users/mzavelskiy/webserv/boost_sample/xcode
  make -f /Users/mzavelskiy/webserv/boost_sample/xcode/CMakeScripts/ReRunCMake.make
fi
if test \"$CONFIGURATION\" = \"MinSizeRel\"; then :
  cd /Users/mzavelskiy/webserv/boost_sample/xcode
  make -f /Users/mzavelskiy/webserv/boost_sample/xcode/CMakeScripts/ReRunCMake.make
fi
if test \"$CONFIGURATION\" = \"RelWithDebInfo\"; then :
  cd /Users/mzavelskiy/webserv/boost_sample/xcode
  make -f /Users/mzavelskiy/webserv/boost_sample/xcode/CMakeScripts/ReRunCMake.make
fi
";
			showEnvVarsInLog = 0;
		};
/* End PBXShellScriptBuildPhase section */

/* Begin PBXSourcesBuildPhase section */
		E804DDC535754178935A45F7 /* Sources */ = {
			isa = PBXSourcesBuildPhase;
			buildActionMask = 2147483647;
			files = (
				28A52A0B61E148EE98C43680 /* /Users/mzavelskiy/webserv/boost_sample/unix_sv.cpp */,
			);
			runOnlyForDeploymentPostprocessing = 0;
		};
/* End PBXSourcesBuildPhase section */

/* Begin PBXTargetDependency section */
		39B9CA09D5A34955A67F9177 /* PBXTargetDependency */ = {
			isa = PBXTargetDependency;
			target = 2405EA6028FE458F894EB3C8 /* ZERO_CHECK */;
			targetProxy = DB2018F6A34741CAB09E5259 /* PBXContainerItemProxy */;
		};
		C7DABBBA9C714984955C1B4A /* PBXTargetDependency */ = {
			isa = PBXTargetDependency;
			target = 2405EA6028FE458F894EB3C8 /* ZERO_CHECK */;
			targetProxy = 827910EB277844DB8F881167 /* PBXContainerItemProxy */;
		};
		CE8ABC657A6E4A1D803FC568 /* PBXTargetDependency */ = {
			isa = PBXTargetDependency;
			target = 72EA646AEFD74B768204639A /* unix_sv */;
			targetProxy = 37D389AFC1794485A1D476D3 /* PBXContainerItemProxy */;
		};
/* End PBXTargetDependency section */

/* Begin XCBuildConfiguration section */
		020CBCEBE771412DABAE2C3D /* Release */ = {
			isa = XCBuildConfiguration;
			buildSettings = {
				ALWAYS_SEARCH_USER_PATHS = NO;
				COMBINE_HIDPI_IMAGES = YES;
				GCC_GENERATE_DEBUGGING_SYMBOLS = YES;
				GCC_INLINES_ARE_PRIVATE_EXTERN = NO;
				GCC_OPTIMIZATION_LEVEL = 0;
				GCC_PREPROCESSOR_DEFINITIONS = ("'CMAKE_INTDIR=\"$(CONFIGURATION)$(EFFECTIVE_PLATFORM_NAME)\"'","$(inherited)");
				GCC_SYMBOLS_PRIVATE_EXTERN = NO;
				INSTALL_PATH = "";
				OTHER_LDFLAGS = ("","$(inherited)");
				OTHER_REZFLAGS = "";
				PRODUCT_NAME = ALL_BUILD;
				SECTORDER_FLAGS = "";
				USE_HEADERMAP = NO;
				WARNING_CFLAGS = ("$(inherited)");
			};
			name = Release;
		};
		12C53C42CA204DF18B8B7ABE /* Debug */ = {
			isa = XCBuildConfiguration;
			buildSettings = {
				ALWAYS_SEARCH_USER_PATHS = NO;
				COMBINE_HIDPI_IMAGES = YES;
				CONFIGURATION_BUILD_DIR = /Users/mzavelskiy/webserv/boost_sample/xcode/Debug;
				EXECUTABLE_PREFIX = "";
				EXECUTABLE_SUFFIX = "";
				GCC_GENERATE_DEBUGGING_SYMBOLS = YES;
				GCC_INLINES_ARE_PRIVATE_EXTERN = NO;
				GCC_OPTIMIZATION_LEVEL = 0;
				GCC_PREPROCESSOR_DEFINITIONS = ("'CMAKE_INTDIR=\"$(CONFIGURATION)$(EFFECTIVE_PLATFORM_NAME)\"'",BOOST_SYSTEM_NO_LIB,BOOST_SYSTEM_DYN_LINK,"$(inherited)");
				GCC_SYMBOLS_PRIVATE_EXTERN = NO;
				INSTALL_PATH = "";
				OTHER_CPLUSPLUSFLAGS = "   '-std=gnu++20' ";
				OTHER_LDFLAGS = (" -Wl,-search_paths_first -Wl,-headerpad_max_install_names","/usr/local/lib/libboost_system-mt.dylib","$(inherited)");
				OTHER_REZFLAGS = "";
				PRODUCT_NAME = unix_sv;
				SECTORDER_FLAGS = "";
				SYSTEM_HEADER_SEARCH_PATHS = (/usr/local/include,"$(inherited)");
				TARGET_TEMP_DIR = "/Users/mzavelskiy/webserv/boost_sample/xcode/build/unix_sv.build/$(CONFIGURATION)$(EFFECTIVE_PLATFORM_NAME)";
				USE_HEADERMAP = NO;
				WARNING_CFLAGS = ("$(inherited)");
			};
			name = Debug;
		};
		33653C931BBD4F44A9B1A40A /* MinSizeRel */ = {
			isa = XCBuildConfiguration;
			buildSettings = {
				ALWAYS_SEARCH_USER_PATHS = NO;
				COMBINE_HIDPI_IMAGES = YES;
				GCC_GENERATE_DEBUGGING_SYMBOLS = YES;
				GCC_INLINES_ARE_PRIVATE_EXTERN = NO;
				GCC_OPTIMIZATION_LEVEL = 0;
				GCC_PREPROCESSOR_DEFINITIONS = ("'CMAKE_INTDIR=\"$(CONFIGURATION)$(EFFECTIVE_PLATFORM_NAME)\"'","$(inherited)");
				GCC_SYMBOLS_PRIVATE_EXTERN = NO;
				INSTALL_PATH = "";
				OTHER_LDFLAGS = ("","$(inherited)");
				OTHER_REZFLAGS = "";
				PRODUCT_NAME = ALL_BUILD;
				SECTORDER_FLAGS = "";
				USE_HEADERMAP = NO;
				WARNING_CFLAGS = ("$(inherited)");
			};
			name = MinSizeRel;
		};
		7B092DD6530149BE8E4431F0 /* Release */ = {
			isa = XCBuildConfiguration;
			buildSettings = {
				ALWAYS_SEARCH_USER_PATHS = NO;
				COMBINE_HIDPI_IMAGES = YES;
				GCC_GENERATE_DEBUGGING_SYMBOLS = YES;
				GCC_INLINES_ARE_PRIVATE_EXTERN = NO;
				GCC_OPTIMIZATION_LEVEL = 0;
				GCC_PREPROCESSOR_DEFINITIONS = ("'CMAKE_INTDIR=\"$(CONFIGURATION)$(EFFECTIVE_PLATFORM_NAME)\"'","$(inherited)");
				GCC_SYMBOLS_PRIVATE_EXTERN = NO;
				INSTALL_PATH = "";
				OTHER_LDFLAGS = ("","$(inherited)");
				OTHER_REZFLAGS = "";
				PRODUCT_NAME = ZERO_CHECK;
				SECTORDER_FLAGS = "";
				USE_HEADERMAP = NO;
				WARNING_CFLAGS = ("$(inherited)");
			};
			name = Release;
		};
		7EF23D073518414B87D6E5B0 /* MinSizeRel */ = {
			isa = XCBuildConfiguration;
			buildSettings = {
				ALWAYS_SEARCH_USER_PATHS = NO;
				COMBINE_HIDPI_IMAGES = YES;
				CONFIGURATION_BUILD_DIR = /Users/mzavelskiy/webserv/boost_sample/xcode/MinSizeRel;
				EXECUTABLE_PREFIX = "";
				EXECUTABLE_SUFFIX = "";
				GCC_GENERATE_DEBUGGING_SYMBOLS = NO;
				GCC_INLINES_ARE_PRIVATE_EXTERN = NO;
				GCC_OPTIMIZATION_LEVEL = s;
				GCC_PREPROCESSOR_DEFINITIONS = ("'CMAKE_INTDIR=\"$(CONFIGURATION)$(EFFECTIVE_PLATFORM_NAME)\"'",BOOST_SYSTEM_NO_LIB,BOOST_SYSTEM_DYN_LINK,"$(inherited)");
				GCC_SYMBOLS_PRIVATE_EXTERN = NO;
				INSTALL_PATH = "";
				OTHER_CPLUSPLUSFLAGS = "    -DNDEBUG '-std=gnu++20' ";
				OTHER_LDFLAGS = (" -Wl,-search_paths_first -Wl,-headerpad_max_install_names","/usr/local/lib/libboost_system-mt.dylib","$(inherited)");
				OTHER_REZFLAGS = "";
				PRODUCT_NAME = unix_sv;
				SECTORDER_FLAGS = "";
				SYSTEM_HEADER_SEARCH_PATHS = (/usr/local/include,"$(inherited)");
				TARGET_TEMP_DIR = "/Users/mzavelskiy/webserv/boost_sample/xcode/build/unix_sv.build/$(CONFIGURATION)$(EFFECTIVE_PLATFORM_NAME)";
				USE_HEADERMAP = NO;
				WARNING_CFLAGS = ("$(inherited)");
			};
			name = MinSizeRel;
		};
		935AD80347774D9980AE789F /* Debug */ = {
			isa = XCBuildConfiguration;
			buildSettings = {
				ALWAYS_SEARCH_USER_PATHS = NO;
				COMBINE_HIDPI_IMAGES = YES;
				GCC_GENERATE_DEBUGGING_SYMBOLS = YES;
				GCC_INLINES_ARE_PRIVATE_EXTERN = NO;
				GCC_OPTIMIZATION_LEVEL = 0;
				GCC_PREPROCESSOR_DEFINITIONS = ("'CMAKE_INTDIR=\"$(CONFIGURATION)$(EFFECTIVE_PLATFORM_NAME)\"'","$(inherited)");
				GCC_SYMBOLS_PRIVATE_EXTERN = NO;
				INSTALL_PATH = "";
				OTHER_LDFLAGS = ("","$(inherited)");
				OTHER_REZFLAGS = "";
				PRODUCT_NAME = ZERO_CHECK;
				SECTORDER_FLAGS = "";
				USE_HEADERMAP = NO;
				WARNING_CFLAGS = ("$(inherited)");
			};
			name = Debug;
		};
		9629B7A57A0E48099C79662D /* MinSizeRel */ = {
			isa = XCBuildConfiguration;
			buildSettings = {
				ARCHS = "$(NATIVE_ARCH_ACTUAL)";
				ONLY_ACTIVE_ARCH = YES;
				SDKROOT = /Applications/Xcode.app/Contents/Developer/Platforms/MacOSX.platform/Developer/SDKs/MacOSX13.3.sdk;
				SWIFT_COMPILATION_MODE = wholemodule;
				SYMROOT = /Users/mzavelskiy/webserv/boost_sample/xcode/build;
			};
			name = MinSizeRel;
		};
		9D45FD8B77B4465C9317B8D0 /* RelWithDebInfo */ = {
			isa = XCBuildConfiguration;
			buildSettings = {
				ARCHS = "$(NATIVE_ARCH_ACTUAL)";
				ONLY_ACTIVE_ARCH = YES;
				SDKROOT = /Applications/Xcode.app/Contents/Developer/Platforms/MacOSX.platform/Developer/SDKs/MacOSX13.3.sdk;
				SWIFT_COMPILATION_MODE = wholemodule;
				SYMROOT = /Users/mzavelskiy/webserv/boost_sample/xcode/build;
			};
			name = RelWithDebInfo;
		};
		9D8F73A87D9541BC886FD4BC /* Debug */ = {
			isa = XCBuildConfiguration;
			buildSettings = {
				ARCHS = "$(NATIVE_ARCH_ACTUAL)";
				ONLY_ACTIVE_ARCH = YES;
				SDKROOT = /Applications/Xcode.app/Contents/Developer/Platforms/MacOSX.platform/Developer/SDKs/MacOSX13.3.sdk;
				SYMROOT = /Users/mzavelskiy/webserv/boost_sample/xcode/build;
			};
			name = Debug;
		};
		9DC2C4381D5146B5ABF58680 /* RelWithDebInfo */ = {
			isa = XCBuildConfiguration;
			buildSettings = {
				ALWAYS_SEARCH_USER_PATHS = NO;
				COMBINE_HIDPI_IMAGES = YES;
				GCC_GENERATE_DEBUGGING_SYMBOLS = YES;
				GCC_INLINES_ARE_PRIVATE_EXTERN = NO;
				GCC_OPTIMIZATION_LEVEL = 0;
				GCC_PREPROCESSOR_DEFINITIONS = ("'CMAKE_INTDIR=\"$(CONFIGURATION)$(EFFECTIVE_PLATFORM_NAME)\"'","$(inherited)");
				GCC_SYMBOLS_PRIVATE_EXTERN = NO;
				INSTALL_PATH = "";
				OTHER_LDFLAGS = ("","$(inherited)");
				OTHER_REZFLAGS = "";
				PRODUCT_NAME = ZERO_CHECK;
				SECTORDER_FLAGS = "";
				USE_HEADERMAP = NO;
				WARNING_CFLAGS = ("$(inherited)");
			};
			name = RelWithDebInfo;
		};
		9F013CACB774434AACA77DAB /* MinSizeRel */ = {
			isa = XCBuildConfiguration;
			buildSettings = {
				ALWAYS_SEARCH_USER_PATHS = NO;
				COMBINE_HIDPI_IMAGES = YES;
				GCC_GENERATE_DEBUGGING_SYMBOLS = YES;
				GCC_INLINES_ARE_PRIVATE_EXTERN = NO;
				GCC_OPTIMIZATION_LEVEL = 0;
				GCC_PREPROCESSOR_DEFINITIONS = ("'CMAKE_INTDIR=\"$(CONFIGURATION)$(EFFECTIVE_PLATFORM_NAME)\"'","$(inherited)");
				GCC_SYMBOLS_PRIVATE_EXTERN = NO;
				INSTALL_PATH = "";
				OTHER_LDFLAGS = ("","$(inherited)");
				OTHER_REZFLAGS = "";
				PRODUCT_NAME = ZERO_CHECK;
				SECTORDER_FLAGS = "";
				USE_HEADERMAP = NO;
				WARNING_CFLAGS = ("$(inherited)");
			};
			name = MinSizeRel;
		};
		A432FD670AC74452B75D2446 /* RelWithDebInfo */ = {
			isa = XCBuildConfiguration;
			buildSettings = {
				ALWAYS_SEARCH_USER_PATHS = NO;
				COMBINE_HIDPI_IMAGES = YES;
				CONFIGURATION_BUILD_DIR = /Users/mzavelskiy/webserv/boost_sample/xcode/RelWithDebInfo;
				EXECUTABLE_PREFIX = "";
				EXECUTABLE_SUFFIX = "";
				GCC_GENERATE_DEBUGGING_SYMBOLS = YES;
				GCC_INLINES_ARE_PRIVATE_EXTERN = NO;
				GCC_OPTIMIZATION_LEVEL = 2;
				GCC_PREPROCESSOR_DEFINITIONS = ("'CMAKE_INTDIR=\"$(CONFIGURATION)$(EFFECTIVE_PLATFORM_NAME)\"'",BOOST_SYSTEM_NO_LIB,BOOST_SYSTEM_DYN_LINK,"$(inherited)");
				GCC_SYMBOLS_PRIVATE_EXTERN = NO;
				INSTALL_PATH = "";
				OTHER_CPLUSPLUSFLAGS = "       -DNDEBUG '-std=gnu++20' ";
				OTHER_LDFLAGS = (" -Wl,-search_paths_first -Wl,-headerpad_max_install_names","/usr/local/lib/libboost_system-mt.dylib","$(inherited)");
				OTHER_REZFLAGS = "";
				PRODUCT_NAME = unix_sv;
				SECTORDER_FLAGS = "";
				SYSTEM_HEADER_SEARCH_PATHS = (/usr/local/include,"$(inherited)");
				TARGET_TEMP_DIR = "/Users/mzavelskiy/webserv/boost_sample/xcode/build/unix_sv.build/$(CONFIGURATION)$(EFFECTIVE_PLATFORM_NAME)";
				USE_HEADERMAP = NO;
				WARNING_CFLAGS = ("$(inherited)");
			};
			name = RelWithDebInfo;
		};
		AC9E2A39C3DC4F198BBAE59A /* RelWithDebInfo */ = {
			isa = XCBuildConfiguration;
			buildSettings = {
				ALWAYS_SEARCH_USER_PATHS = NO;
				COMBINE_HIDPI_IMAGES = YES;
				GCC_GENERATE_DEBUGGING_SYMBOLS = YES;
				GCC_INLINES_ARE_PRIVATE_EXTERN = NO;
				GCC_OPTIMIZATION_LEVEL = 0;
				GCC_PREPROCESSOR_DEFINITIONS = ("'CMAKE_INTDIR=\"$(CONFIGURATION)$(EFFECTIVE_PLATFORM_NAME)\"'","$(inherited)");
				GCC_SYMBOLS_PRIVATE_EXTERN = NO;
				INSTALL_PATH = "";
				OTHER_LDFLAGS = ("","$(inherited)");
				OTHER_REZFLAGS = "";
				PRODUCT_NAME = ALL_BUILD;
				SECTORDER_FLAGS = "";
				USE_HEADERMAP = NO;
				WARNING_CFLAGS = ("$(inherited)");
			};
			name = RelWithDebInfo;
		};
		D1F682429E5E4553A9E75CA4 /* Release */ = {
			isa = XCBuildConfiguration;
			buildSettings = {
				ALWAYS_SEARCH_USER_PATHS = NO;
				COMBINE_HIDPI_IMAGES = YES;
				CONFIGURATION_BUILD_DIR = /Users/mzavelskiy/webserv/boost_sample/xcode/Release;
				EXECUTABLE_PREFIX = "";
				EXECUTABLE_SUFFIX = "";
				GCC_GENERATE_DEBUGGING_SYMBOLS = NO;
				GCC_INLINES_ARE_PRIVATE_EXTERN = NO;
				GCC_OPTIMIZATION_LEVEL = 3;
				GCC_PREPROCESSOR_DEFINITIONS = ("'CMAKE_INTDIR=\"$(CONFIGURATION)$(EFFECTIVE_PLATFORM_NAME)\"'",BOOST_SYSTEM_NO_LIB,BOOST_SYSTEM_DYN_LINK,"$(inherited)");
				GCC_SYMBOLS_PRIVATE_EXTERN = NO;
				INSTALL_PATH = "";
				OTHER_CPLUSPLUSFLAGS = "    -DNDEBUG '-std=gnu++20' ";
				OTHER_LDFLAGS = (" -Wl,-search_paths_first -Wl,-headerpad_max_install_names","/usr/local/lib/libboost_system-mt.dylib","$(inherited)");
				OTHER_REZFLAGS = "";
				PRODUCT_NAME = unix_sv;
				SECTORDER_FLAGS = "";
				SYSTEM_HEADER_SEARCH_PATHS = (/usr/local/include,"$(inherited)");
				TARGET_TEMP_DIR = "/Users/mzavelskiy/webserv/boost_sample/xcode/build/unix_sv.build/$(CONFIGURATION)$(EFFECTIVE_PLATFORM_NAME)";
				USE_HEADERMAP = NO;
				WARNING_CFLAGS = ("$(inherited)");
			};
			name = Release;
		};
		DC0F7C6556FB41B29487EF19 /* Debug */ = {
			isa = XCBuildConfiguration;
			buildSettings = {
				ALWAYS_SEARCH_USER_PATHS = NO;
				COMBINE_HIDPI_IMAGES = YES;
				GCC_GENERATE_DEBUGGING_SYMBOLS = YES;
				GCC_INLINES_ARE_PRIVATE_EXTERN = NO;
				GCC_OPTIMIZATION_LEVEL = 0;
				GCC_PREPROCESSOR_DEFINITIONS = ("'CMAKE_INTDIR=\"$(CONFIGURATION)$(EFFECTIVE_PLATFORM_NAME)\"'","$(inherited)");
				GCC_SYMBOLS_PRIVATE_EXTERN = NO;
				INSTALL_PATH = "";
				OTHER_LDFLAGS = ("","$(inherited)");
				OTHER_REZFLAGS = "";
				PRODUCT_NAME = ALL_BUILD;
				SECTORDER_FLAGS = "";
				USE_HEADERMAP = NO;
				WARNING_CFLAGS = ("$(inherited)");
			};
			name = Debug;
		};
		FB58AD9CE62E443C8686DD12 /* Release */ = {
			isa = XCBuildConfiguration;
			buildSettings = {
				ARCHS = "$(NATIVE_ARCH_ACTUAL)";
				ONLY_ACTIVE_ARCH = YES;
				SDKROOT = /Applications/Xcode.app/Contents/Developer/Platforms/MacOSX.platform/Developer/SDKs/MacOSX13.3.sdk;
				SWIFT_COMPILATION_MODE = wholemodule;
				SYMROOT = /Users/mzavelskiy/webserv/boost_sample/xcode/build;
			};
			name = Release;
		};
/* End XCBuildConfiguration section */

/* Begin XCConfigurationList section */
		A1B56EBD9D424605A4CD9A98 /* Build configuration list for PBXAggregateTarget "ZERO_CHECK" */ = {
			isa = XCConfigurationList;
			buildConfigurations = (
				935AD80347774D9980AE789F /* Debug */,
				7B092DD6530149BE8E4431F0 /* Release */,
				9F013CACB774434AACA77DAB /* MinSizeRel */,
				9DC2C4381D5146B5ABF58680 /* RelWithDebInfo */,
			);
			defaultConfigurationIsVisible = 0;
			defaultConfigurationName = Debug;
		};
		ABB956330F4E469DA1704878 /* Build configuration list for PBXAggregateTarget "ALL_BUILD" */ = {
			isa = XCConfigurationList;
			buildConfigurations = (
				DC0F7C6556FB41B29487EF19 /* Debug */,
				020CBCEBE771412DABAE2C3D /* Release */,
				33653C931BBD4F44A9B1A40A /* MinSizeRel */,
				AC9E2A39C3DC4F198BBAE59A /* RelWithDebInfo */,
			);
			defaultConfigurationIsVisible = 0;
			defaultConfigurationName = Debug;
		};
		F081FBD2D2754638B11BD4E3 /* Build configuration list for PBXProject "unix_sv" */ = {
			isa = XCConfigurationList;
			buildConfigurations = (
				9D8F73A87D9541BC886FD4BC /* Debug */,
				FB58AD9CE62E443C8686DD12 /* Release */,
				9629B7A57A0E48099C79662D /* MinSizeRel */,
				9D45FD8B77B4465C9317B8D0 /* RelWithDebInfo */,
			);
			defaultConfigurationIsVisible = 0;
			defaultConfigurationName = Debug;
		};
		FD0AD5C966F84A22BE658A12 /* Build configuration list for PBXNativeTarget "unix_sv" */ = {
			isa = XCConfigurationList;
			buildConfigurations = (
				12C53C42CA204DF18B8B7ABE /* Debug */,
				D1F682429E5E4553A9E75CA4 /* Release */,
				7EF23D073518414B87D6E5B0 /* MinSizeRel */,
				A432FD670AC74452B75D2446 /* RelWithDebInfo */,
			);
			defaultConfigurationIsVisible = 0;
			defaultConfigurationName = Debug;
		};
/* End XCConfigurationList section */
	};
	rootObject = 2EF680C32F1C4062801C9DD4 /* Project object */;
}
